
Microsoft Visual Studio Solution File, Format Version 12.00
Project("{FAE04EC0-301F-11D3-BF4B-00C04F79EFBC}") = "OrderBookService", "OrderBookService\OrderBookService.csproj", "{A05B04B9-6D31-4A85-935A-88A18F926117}"
EndProject
Project("{FAE04EC0-301F-11D3-BF4B-00C04F79EFBC}") = "OrderBookService.Tests", "OrderBookService.Tests\OrderBookService.Tests.csproj", "{C7158575-C2E1-4208-BAE1-2CB19EFA3457}"
EndProject
Global
	GlobalSection(SolutionConfigurationPlatforms) = preSolution
		Debug|Any CPU = Debug|Any CPU
		Release|Any CPU = Release|Any CPU
	EndGlobalSection
	GlobalSection(ProjectConfigurationPlatforms) = postSolution
		{A05B04B9-6D31-4A85-935A-88A18F926117}.Debug|Any CPU.ActiveCfg = Debug|Any CPU
		{A05B04B9-6D31-4A85-935A-88A18F926117}.Debug|Any CPU.Build.0 = Debug|Any CPU
		{A05B04B9-6D31-4A85-935A-88A18F926117}.Release|Any CPU.ActiveCfg = Release|Any CPU
		{A05B04B9-6D31-4A85-935A-88A18F926117}.Release|Any CPU.Build.0 = Release|Any CPU
		{C7158575-C2E1-4208-BAE1-2CB19EFA3457}.Debug|Any CPU.ActiveCfg = Debug|Any CPU
		{C7158575-C2E1-4208-BAE1-2CB19EFA3457}.Debug|Any CPU.Build.0 = Debug|Any CPU
		{C7158575-C2E1-4208-BAE1-2CB19EFA3457}.Release|Any CPU.ActiveCfg = Release|Any CPU
		{C7158575-C2E1-4208-BAE1-2CB19EFA3457}.Release|Any CPU.Build.0 = Release|Any CPU
	EndGlobalSection
EndGlobal
